
Microsoft Visual Studio Solution File, Format Version 12.00
# Visual Studio 15
VisualStudioVersion = 15.0.28307.960
MinimumVisualStudioVersion = 10.0.40219.1
Project("{FAE04EC0-301F-11D3-BF4B-00C04F79EFBC}") = "VibeAttack", "VibeAttack\VibeAttack.csproj", "{338C6167-3612-418C-A7EB-D18979B05BC6}"
EndProject
Global
	GlobalSection(SolutionConfigurationPlatforms) = preSolution
		Debug|Any CPU = Debug|Any CPU
		Release|Any CPU = Release|Any CPU
	EndGlobalSection
	GlobalSection(ProjectConfigurationPlatforms) = postSolution
		{338C6167-3612-418C-A7EB-D18979B05BC6}.Debug|Any CPU.ActiveCfg = Debug|Any CPU
		{338C6167-3612-418C-A7EB-D18979B05BC6}.Debug|Any CPU.Build.0 = Debug|Any CPU
		{338C6167-3612-418C-A7EB-D18979B05BC6}.Release|Any CPU.ActiveCfg = Release|Any CPU
		{338C6167-3612-418C-A7EB-D18979B05BC6}.Release|Any CPU.Build.0 = Release|Any CPU
	EndGlobalSection
	GlobalSection(SolutionProperties) = preSolution
		HideSolutionNode = FALSE
	EndGlobalSection
	GlobalSection(ExtensibilityGlobals) = postSolution
		SolutionGuid = {2DB070C0-28E1-4BFA-A83B-8796100DBE30}
	EndGlobalSection
EndGlobal
